
Microsoft Visual Studio Solution File, Format Version 12.00
# Visual Studio Version 16
VisualStudioVersion = 16.0.29503.13
MinimumVisualStudioVersion = 10.0.40219.1
Project("{9A19103F-16F7-4668-BE54-9A1E7A4F7556}") = "Algo", "Algo\Algo.csproj", "{058661CA-FF2B-48A0-8F5E-08E13A854019}"
EndProject
Project("{FAE04EC0-301F-11D3-BF4B-00C04F79EFBC}") = "AlgoUI", "AlgoUI\AlgoUI.csproj", "{563B032F-AF91-44E2-A188-9D9AFE8E6B9A}"
EndProject
Project("{9A19103F-16F7-4668-BE54-9A1E7A4F7556}") = "AlgoTests", "AlgoTests\AlgoTests.csproj", "{7BB98627-9775-4ACD-AC85-CE7C4FC46DCF}"
EndProject
Project("{9A19103F-16F7-4668-BE54-9A1E7A4F7556}") = "Api", "Api\Api.csproj", "{9971F024-17A4-4441-94E6-A0ABF76130C1}"
EndProject
Project("{9A19103F-16F7-4668-BE54-9A1E7A4F7556}") = "AlgoStd", "AlgoStd\AlgoStd.csproj", "{348E5B4B-AF7D-43F3-9801-F667EBDE891C}"
EndProject
Project("{FAE04EC0-301F-11D3-BF4B-00C04F79EFBC}") = "UnityAstar", "UnityAstar\UnityAstar.csproj", "{C60B1D42-DA6C-43BE-B21B-22200AC9E9C1}"
EndProject
Project("{FAE04EC0-301F-11D3-BF4B-00C04F79EFBC}") = "UnityAstarNew", "UnityAstarNew\UnityAstarNew.csproj", "{3D9E34C9-5073-4703-9C41-1ECF68CFACEF}"
EndProject
Project("{FAE04EC0-301F-11D3-BF4B-00C04F79EFBC}") = "SearchPathApi", "SearchPathApi\SearchPathApi.csproj", "{A2DAD699-A294-4442-8C5B-ED470B74D1B5}"
EndProject
Global
	GlobalSection(SolutionConfigurationPlatforms) = preSolution
		Debug|Any CPU = Debug|Any CPU
		Release|Any CPU = Release|Any CPU
	EndGlobalSection
	GlobalSection(ProjectConfigurationPlatforms) = postSolution
		{058661CA-FF2B-48A0-8F5E-08E13A854019}.Debug|Any CPU.ActiveCfg = Debug|Any CPU
		{058661CA-FF2B-48A0-8F5E-08E13A854019}.Debug|Any CPU.Build.0 = Debug|Any CPU
		{058661CA-FF2B-48A0-8F5E-08E13A854019}.Release|Any CPU.ActiveCfg = Release|Any CPU
		{058661CA-FF2B-48A0-8F5E-08E13A854019}.Release|Any CPU.Build.0 = Release|Any CPU
		{563B032F-AF91-44E2-A188-9D9AFE8E6B9A}.Debug|Any CPU.ActiveCfg = Debug|Any CPU
		{563B032F-AF91-44E2-A188-9D9AFE8E6B9A}.Debug|Any CPU.Build.0 = Debug|Any CPU
		{563B032F-AF91-44E2-A188-9D9AFE8E6B9A}.Release|Any CPU.ActiveCfg = Release|Any CPU
		{563B032F-AF91-44E2-A188-9D9AFE8E6B9A}.Release|Any CPU.Build.0 = Release|Any CPU
		{7BB98627-9775-4ACD-AC85-CE7C4FC46DCF}.Debug|Any CPU.ActiveCfg = Debug|Any CPU
		{7BB98627-9775-4ACD-AC85-CE7C4FC46DCF}.Debug|Any CPU.Build.0 = Debug|Any CPU
		{7BB98627-9775-4ACD-AC85-CE7C4FC46DCF}.Release|Any CPU.ActiveCfg = Release|Any CPU
		{7BB98627-9775-4ACD-AC85-CE7C4FC46DCF}.Release|Any CPU.Build.0 = Release|Any CPU
		{9971F024-17A4-4441-94E6-A0ABF76130C1}.Debug|Any CPU.ActiveCfg = Debug|Any CPU
		{9971F024-17A4-4441-94E6-A0ABF76130C1}.Debug|Any CPU.Build.0 = Debug|Any CPU
		{9971F024-17A4-4441-94E6-A0ABF76130C1}.Release|Any CPU.ActiveCfg = Release|Any CPU
		{9971F024-17A4-4441-94E6-A0ABF76130C1}.Release|Any CPU.Build.0 = Release|Any CPU
		{348E5B4B-AF7D-43F3-9801-F667EBDE891C}.Debug|Any CPU.ActiveCfg = Debug|Any CPU
		{348E5B4B-AF7D-43F3-9801-F667EBDE891C}.Debug|Any CPU.Build.0 = Debug|Any CPU
		{348E5B4B-AF7D-43F3-9801-F667EBDE891C}.Release|Any CPU.ActiveCfg = Release|Any CPU
		{348E5B4B-AF7D-43F3-9801-F667EBDE891C}.Release|Any CPU.Build.0 = Release|Any CPU
		{C60B1D42-DA6C-43BE-B21B-22200AC9E9C1}.Debug|Any CPU.ActiveCfg = Debug|Any CPU
		{C60B1D42-DA6C-43BE-B21B-22200AC9E9C1}.Debug|Any CPU.Build.0 = Debug|Any CPU
		{C60B1D42-DA6C-43BE-B21B-22200AC9E9C1}.Release|Any CPU.ActiveCfg = Release|Any CPU
		{C60B1D42-DA6C-43BE-B21B-22200AC9E9C1}.Release|Any CPU.Build.0 = Release|Any CPU
		{3D9E34C9-5073-4703-9C41-1ECF68CFACEF}.Debug|Any CPU.ActiveCfg = Debug|Any CPU
		{3D9E34C9-5073-4703-9C41-1ECF68CFACEF}.Debug|Any CPU.Build.0 = Debug|Any CPU
		{3D9E34C9-5073-4703-9C41-1ECF68CFACEF}.Release|Any CPU.ActiveCfg = Release|Any CPU
		{3D9E34C9-5073-4703-9C41-1ECF68CFACEF}.Release|Any CPU.Build.0 = Release|Any CPU
		{A2DAD699-A294-4442-8C5B-ED470B74D1B5}.Debug|Any CPU.ActiveCfg = Debug|Any CPU
		{A2DAD699-A294-4442-8C5B-ED470B74D1B5}.Debug|Any CPU.Build.0 = Debug|Any CPU
		{A2DAD699-A294-4442-8C5B-ED470B74D1B5}.Release|Any CPU.ActiveCfg = Release|Any CPU
		{A2DAD699-A294-4442-8C5B-ED470B74D1B5}.Release|Any CPU.Build.0 = Release|Any CPU
	EndGlobalSection
	GlobalSection(SolutionProperties) = preSolution
		HideSolutionNode = FALSE
	EndGlobalSection
	GlobalSection(ExtensibilityGlobals) = postSolution
		SolutionGuid = {DC154F73-E343-45AC-A5DC-97B72C520671}
	EndGlobalSection
EndGlobal
